
Microsoft Visual Studio Solution File, Format Version 12.00
# Visual Studio 15
VisualStudioVersion = 15.0.28010.2046
MinimumVisualStudioVersion = 10.0.40219.1
Project("{8BC9CEB8-8B4A-11D0-8D11-00A0C91BC942}") = "classtime", "classtime\classtime.vcxproj", "{4CDF975A-0DBD-4CB5-911C-C2DDED99444C}"
EndProject
Global
	GlobalSection(SolutionConfigurationPlatforms) = preSolution
		Debug|x64 = Debug|x64
		Debug|x86 = Debug|x86
		Release|x64 = Release|x64
		Release|x86 = Release|x86
	EndGlobalSection
	GlobalSection(ProjectConfigurationPlatforms) = postSolution
		{4CDF975A-0DBD-4CB5-911C-C2DDED99444C}.Debug|x64.ActiveCfg = Debug|x64
		{4CDF975A-0DBD-4CB5-911C-C2DDED99444C}.Debug|x64.Build.0 = Debug|x64
		{4CDF975A-0DBD-4CB5-911C-C2DDED99444C}.Debug|x86.ActiveCfg = Debug|Win32
		{4CDF975A-0DBD-4CB5-911C-C2DDED99444C}.Debug|x86.Build.0 = Debug|Win32
		{4CDF975A-0DBD-4CB5-911C-C2DDED99444C}.Release|x64.ActiveCfg = Release|x64
		{4CDF975A-0DBD-4CB5-911C-C2DDED99444C}.Release|x64.Build.0 = Release|x64
		{4CDF975A-0DBD-4CB5-911C-C2DDED99444C}.Release|x86.ActiveCfg = Release|Win32
		{4CDF975A-0DBD-4CB5-911C-C2DDED99444C}.Release|x86.Build.0 = Release|Win32
	EndGlobalSection
	GlobalSection(SolutionProperties) = preSolution
		HideSolutionNode = FALSE
	EndGlobalSection
	GlobalSection(ExtensibilityGlobals) = postSolution
		SolutionGuid = {12F2EABC-88E7-4C10-89BA-666D33AC7955}
	EndGlobalSection
EndGlobal
